
Microsoft Visual Studio Solution File, Format Version 12.00
# Visual Studio Version 17
VisualStudioVersion = 17.7.34031.279
MinimumVisualStudioVersion = 10.0.40219.1
Project("{FAE04EC0-301F-11D3-BF4B-00C04F79EFBC}") = "WheelWander", "WheelWander\WheelWander.csproj", "{49BB681C-EB77-4012-B70E-278FB5C20DF0}"
EndProject
Global
	GlobalSection(SolutionConfigurationPlatforms) = preSolution
		Debug|Any CPU = Debug|Any CPU
		Release|Any CPU = Release|Any CPU
	EndGlobalSection
	GlobalSection(ProjectConfigurationPlatforms) = postSolution
		{49BB681C-EB77-4012-B70E-278FB5C20DF0}.Debug|Any CPU.ActiveCfg = Debug|Any CPU
		{49BB681C-EB77-4012-B70E-278FB5C20DF0}.Debug|Any CPU.Build.0 = Debug|Any CPU
		{49BB681C-EB77-4012-B70E-278FB5C20DF0}.Release|Any CPU.ActiveCfg = Release|Any CPU
		{49BB681C-EB77-4012-B70E-278FB5C20DF0}.Release|Any CPU.Build.0 = Release|Any CPU
	EndGlobalSection
	GlobalSection(SolutionProperties) = preSolution
		HideSolutionNode = FALSE
	EndGlobalSection
	GlobalSection(ExtensibilityGlobals) = postSolution
		SolutionGuid = {509482DF-98B3-433C-BDA9-0ECEA4B7C106}
	EndGlobalSection
EndGlobal
